# THIS IS AN AUTOGENERATED FILE. DO NOT EDIT THIS FILE DIRECTLY.
# yarn lockfile v1


"@hotwired/stimulus@^3.2.1":
  "integrity" "sha512-HGlzDcf9vv/EQrMJ5ZG6VWNs8Z/xMN+1o2OhV1gKiSG6CqZt5MCBB1gRg5ILiN3U0jEAxuDTNPRfBcnZBDmupQ=="
  "resolved" "https://registry.npmjs.org/@hotwired/stimulus/-/stimulus-3.2.1.tgz"
  "version" "3.2.1"

"@rails/ujs@^7.0.6":
  "integrity" "sha512-s5v3AC6AywOIFMz0RIMW83Xc8FPIvKMkP3ZHFlM4ISNkhdUwP9HdhVtxxo6z3dIhe9vI0Our2A8kN/QpUV02Qg=="
  "resolved" "https://registry.npmjs.org/@rails/ujs/-/ujs-7.0.6.tgz"
  "version" "7.0.6"

"js-tokens@^3.0.0 || ^4.0.0":
  "integrity" "sha512-RdJUflcE3cUzKiMqQgsCu06FPu9UdIJO0beYbPhHN4k6apgJtifcoCtT9bcxOpYBtpD2kCM6Sbzg4CausW/PKQ=="
  "resolved" "https://registry.npmjs.org/js-tokens/-/js-tokens-4.0.0.tgz"
  "version" "4.0.0"

"loose-envify@^1.1.0":
  "integrity" "sha512-lyuxPGr/Wfhrlem2CL/UcnUc1zcqKAImBDzukY7Y5F/yQiNdko6+fRLevlw1HgMySw7f611UIY408EtxRSoK3Q=="
  "resolved" "https://registry.npmjs.org/loose-envify/-/loose-envify-1.4.0.tgz"
  "version" "1.4.0"
  dependencies:
    "js-tokens" "^3.0.0 || ^4.0.0"

"react-dom@^18.2.0":
  "integrity" "sha512-6IMTriUmvsjHUjNtEDudZfuDQUoWXVxKHhlEGSk81n4YFS+r/Kl99wXiwlVXtPBtJenozv2P+hxDsw9eA7Xo6g=="
  "resolved" "https://registry.npmjs.org/react-dom/-/react-dom-18.2.0.tgz"
  "version" "18.2.0"
  dependencies:
    "loose-envify" "^1.1.0"
    "scheduler" "^0.23.0"

"react@^18.2.0":
  "integrity" "sha512-/3IjMdb2L9QbBdWiW5e3P2/npwMBaU9mHCSCUzNln0ZCYbcfTsGbTJrU/kGemdH2IWmB2ioZ+zkxtmq6g09fGQ=="
  "resolved" "https://registry.npmjs.org/react/-/react-18.2.0.tgz"
  "version" "18.2.0"
  dependencies:
    "loose-envify" "^1.1.0"

"scheduler@^0.23.0":
  "integrity" "sha512-CtuThmgHNg7zIZWAXi3AsyIzA3n4xx7aNyjwC2VJldO2LMVDhFK+63xGqq6CsJH4rTAt6/M+N4GhZiDYPx9eUw=="
  "resolved" "https://registry.npmjs.org/scheduler/-/scheduler-0.23.0.tgz"
  "version" "0.23.0"
  dependencies:
    "loose-envify" "^1.1.0"
